
Microsoft Visual Studio Solution File, Format Version 12.00
# Visual Studio Version 17
VisualStudioVersion = 17.14.36603.0
MinimumVisualStudioVersion = 10.0.40219.1
Project("{2150E333-8FDC-42A3-9474-1A3956D46DE8}") = "Task0", "Task0", "{02EA681E-C7D8-13C7-8484-4AC65E1B71E8}"
EndProject
Project("{FAE04EC0-301F-11D3-BF4B-00C04F79EFBC}") = "Tyuiu.BorisovaAD.Sprint4.Task0.V25", "Tyuiu.BorisovaAD.Sprint4.Task0.V25\Tyuiu.BorisovaAD.Sprint4.Task0.V25.csproj", "{1BCCFD97-B9BC-46F8-80E0-437DEB4E7C79}"
EndProject
Project("{FAE04EC0-301F-11D3-BF4B-00C04F79EFBC}") = "Tyuiu.BorisovaAD.Sprint4.Task0.V25.Lib", "Tyuiu.BorisovaAD.Sprint4.Task0.V25.Lib\Tyuiu.BorisovaAD.Sprint4.Task0.V25.Lib.csproj", "{DA05A038-FD35-43D5-BD1A-028981CEB6BB}"
EndProject
Project("{FAE04EC0-301F-11D3-BF4B-00C04F79EFBC}") = "Tyuiu.BorisovaAD.Sprint4.Task0.V25.Test", "Tyuiu.BorisovaAD.Sprint4.Task0.V25.Test\Tyuiu.BorisovaAD.Sprint4.Task0.V25.Test.csproj", "{EC9BE402-EF86-4FBD-84D1-BA6B7A798AF6}"
EndProject
Project("{2150E333-8FDC-42A3-9474-1A3956D46DE8}") = "Task1", "Task1", "{EF3EE52D-A42D-4823-9744-1E79BC86890D}"
EndProject
Project("{FAE04EC0-301F-11D3-BF4B-00C04F79EFBC}") = "Tyuiu.BorisovaAD.Sprint4.Task1.V7", "Tyuiu.BorisovaAD.Sprint4.Task1.V7\Tyuiu.BorisovaAD.Sprint4.Task1.V7.csproj", "{9772BB2C-6E80-4100-B533-EE1404F97E14}"
EndProject
Project("{FAE04EC0-301F-11D3-BF4B-00C04F79EFBC}") = "Tyuiu.BorisovaAD.Sprint4.Task1.V7.Lib", "Tyuiu.BorisovaAD.Sprint4.Task1.V7.Lib\Tyuiu.BorisovaAD.Sprint4.Task1.V7.Lib.csproj", "{53DDEA3F-268D-4EDC-9A59-4B5A964495F3}"
EndProject
Project("{FAE04EC0-301F-11D3-BF4B-00C04F79EFBC}") = "Tyuiu.BorisovaAD.Sprint4.Task1.V7.Test", "Tyuiu.BorisovaAD.Sprint4.Task1.V7.Test\Tyuiu.BorisovaAD.Sprint4.Task1.V7.Test.csproj", "{F68F2BFC-0435-473C-BD38-D6E3CE2898D3}"
EndProject
Project("{2150E333-8FDC-42A3-9474-1A3956D46DE8}") = "Task2", "Task2", "{79376F62-EC43-4F57-B4E5-947F33218E49}"
EndProject
Project("{FAE04EC0-301F-11D3-BF4B-00C04F79EFBC}") = "Tyuiu.BorisovaAD.Sprint4.Task2.V23.Lib", "Tyuiu.BorisovaAD.Sprint4.Task2.V23.Lib\Tyuiu.BorisovaAD.Sprint4.Task2.V23.Lib.csproj", "{E3E8282D-1936-46FC-BB05-0AF72756EFA8}"
EndProject
Project("{FAE04EC0-301F-11D3-BF4B-00C04F79EFBC}") = "Tyuiu.BorisovaAD.Sprint4.Task2.V23", "Tyuiu.BorisovaAD.Sprint4.Task2.V23\Tyuiu.BorisovaAD.Sprint4.Task2.V23.csproj", "{B080713F-161F-4E16-B96E-B22FECC99005}"
EndProject
Project("{FAE04EC0-301F-11D3-BF4B-00C04F79EFBC}") = "Tyuiu.BorisovaAD.Sprint4.Task2.V23.Test", "Tyuiu.BorisovaAD.Sprint4.Task2.V23.Test\Tyuiu.BorisovaAD.Sprint4.Task2.V23.Test.csproj", "{5171046E-8A9B-45DE-AE90-472F770816AE}"
EndProject
Project("{2150E333-8FDC-42A3-9474-1A3956D46DE8}") = "Task3", "Task3", "{C2675E0E-7900-4175-A64E-456C7C032AC0}"
EndProject
Project("{FAE04EC0-301F-11D3-BF4B-00C04F79EFBC}") = "Tyuiu.BorisovaAD.Sprint4.Task3.V6.Lib", "Tyuiu.BorisovaAD.Sprint4.Task3.V6.Lib\Tyuiu.BorisovaAD.Sprint4.Task3.V6.Lib.csproj", "{21E8B907-BCE7-49C1-B3FF-0FFEDCE7C7F3}"
EndProject
Project("{FAE04EC0-301F-11D3-BF4B-00C04F79EFBC}") = "Tyuiu.BorisovaAD.Sprint4.Task3.V6.Test", "Tyuiu.BorisovaAD.Sprint4.Task3.V6.Test\Tyuiu.BorisovaAD.Sprint4.Task3.V6.Test.csproj", "{E6A3FBDC-7D56-4399-A10C-9DF2FEB9D9F8}"
EndProject
Project("{FAE04EC0-301F-11D3-BF4B-00C04F79EFBC}") = "Tyuiu.BorisovaAD.Sprint4.Task3.V6", "Tyuiu.BorisovaAD.Sprint4.Task3.V6\Tyuiu.BorisovaAD.Sprint4.Task3.V6.csproj", "{E8C96882-9071-49C9-A080-99BD8D4503E8}"
EndProject
Project("{2150E333-8FDC-42A3-9474-1A3956D46DE8}") = "Task4", "Task4", "{FAD49045-9E50-4CC4-8568-80A259B43ACB}"
EndProject
Project("{FAE04EC0-301F-11D3-BF4B-00C04F79EFBC}") = "Tyuiu.BorisovaAD.Sprint4.Task4.V19", "Tyuiu.BorisovaAD.Sprint4.Task4.V19\Tyuiu.BorisovaAD.Sprint4.Task4.V19.csproj", "{B7CB6480-11B9-44AD-8AFD-A18E5FEBB96A}"
EndProject
Project("{FAE04EC0-301F-11D3-BF4B-00C04F79EFBC}") = "Tyuiu.BorisovaAD.Sprint4.Task4.V19.Test", "Tyuiu.BorisovaAD.Sprint4.Task4.V19.Test\Tyuiu.BorisovaAD.Sprint4.Task4.V19.Test.csproj", "{0479A767-3B45-428B-8D1E-3791515A323E}"
EndProject
Project("{FAE04EC0-301F-11D3-BF4B-00C04F79EFBC}") = "Tyuiu.BorisovaAD.Sprint4.Task4.V19.Lib", "Tyuiu.BorisovaAD.Sprint4.Task4.V19.Lib\Tyuiu.BorisovaAD.Sprint4.Task4.V19.Lib.csproj", "{68E58F50-8F43-42FD-B1B9-41CCAFEA9DBF}"
EndProject
Project("{2150E333-8FDC-42A3-9474-1A3956D46DE8}") = "Task5", "Task5", "{565A3685-D380-4BFB-884E-A6B0C5B2DBF9}"
EndProject
Project("{FAE04EC0-301F-11D3-BF4B-00C04F79EFBC}") = "Tyuiu.BorisovaAD.Sprint4.Task5.V30.Lib", "Tyuiu.BorisovaAD.Sprint4.Task5.V30.Lib\Tyuiu.BorisovaAD.Sprint4.Task5.V30.Lib.csproj", "{9604E0D6-0A2C-460C-A532-F617D2FA2EC9}"
EndProject
Project("{FAE04EC0-301F-11D3-BF4B-00C04F79EFBC}") = "Tyuiu.BorisovaAD.Sprint4.Task5.V30.Test", "Tyuiu.BorisovaAD.Sprint4.Task5.V30.Test\Tyuiu.BorisovaAD.Sprint4.Task5.V30.Test.csproj", "{2ECED5D4-ACF4-44AB-A3AE-E53F5D5012C5}"
EndProject
Project("{FAE04EC0-301F-11D3-BF4B-00C04F79EFBC}") = "Tyuiu.BorisovaAD.Sprint4.Task5.V30", "Tyuiu.BorisovaAD.Sprint4.Task5.V30\Tyuiu.BorisovaAD.Sprint4.Task5.V30.csproj", "{BFC5A52B-880E-41C6-A0B0-B2B09905FE63}"
EndProject
Project("{2150E333-8FDC-42A3-9474-1A3956D46DE8}") = "Task6", "Task6", "{76C755D0-0553-4D30-A18E-E01AE66338A5}"
EndProject
Project("{FAE04EC0-301F-11D3-BF4B-00C04F79EFBC}") = "Tyuiu.BorisovaAD.Sprint4.Task6.V19", "Tyuiu.BorisovaAD.Sprint4.Task6.V19\Tyuiu.BorisovaAD.Sprint4.Task6.V19.csproj", "{0F59D641-0CE1-48E3-84F3-EC9944A92827}"
EndProject
Project("{FAE04EC0-301F-11D3-BF4B-00C04F79EFBC}") = "Tyuiu.BorisovaAD.Sprint4.Task6.V19.Lib", "Tyuiu.BorisovaAD.Sprint4.Task6.V19.Lib\Tyuiu.BorisovaAD.Sprint4.Task6.V19.Lib.csproj", "{A49674AF-5E97-46A9-84AA-6EDDB1BB4950}"
EndProject
Project("{FAE04EC0-301F-11D3-BF4B-00C04F79EFBC}") = "Tyuiu.BorisovaAD.Sprint4.Task6.V19.Test", "Tyuiu.BorisovaAD.Sprint4.Task6.V19.Test\Tyuiu.BorisovaAD.Sprint4.Task6.V19.Test.csproj", "{DA89608F-5044-427E-9A10-98DBC5C78B16}"
EndProject
Project("{2150E333-8FDC-42A3-9474-1A3956D46DE8}") = "Task7", "Task7", "{BB413A78-144F-46AB-8E2B-6FB8545EE99A}"
EndProject
Project("{FAE04EC0-301F-11D3-BF4B-00C04F79EFBC}") = "Tyuiu.BorisovaAD.Sprint4.Task7.V28.Lib", "Tyuiu.BorisovaAD.Sprint4.Task7.V28.Lib\Tyuiu.BorisovaAD.Sprint4.Task7.V28.Lib.csproj", "{54023DD1-80D2-4177-8954-69CF2BD8C338}"
EndProject
Project("{FAE04EC0-301F-11D3-BF4B-00C04F79EFBC}") = "Tyuiu.BorisovaAD.Sprint4.Task7.V28.Test", "Tyuiu.BorisovaAD.Sprint4.Task7.V28.Test\Tyuiu.BorisovaAD.Sprint4.Task7.V28.Test.csproj", "{D016BCDF-A734-41FA-852A-9A508A827B7C}"
EndProject
Project("{FAE04EC0-301F-11D3-BF4B-00C04F79EFBC}") = "Tyuiu.BorisovaAD.Sprint4.Task7.V28", "Tyuiu.BorisovaAD.Sprint4.Task7.V28\Tyuiu.BorisovaAD.Sprint4.Task7.V28.csproj", "{DD17B4B8-66DE-4E81-95B1-D361533CB7D1}"
EndProject
Global
	GlobalSection(SolutionConfigurationPlatforms) = preSolution
		Debug|Any CPU = Debug|Any CPU
		Release|Any CPU = Release|Any CPU
	EndGlobalSection
	GlobalSection(ProjectConfigurationPlatforms) = postSolution
		{1BCCFD97-B9BC-46F8-80E0-437DEB4E7C79}.Debug|Any CPU.ActiveCfg = Debug|Any CPU
		{1BCCFD97-B9BC-46F8-80E0-437DEB4E7C79}.Debug|Any CPU.Build.0 = Debug|Any CPU
		{1BCCFD97-B9BC-46F8-80E0-437DEB4E7C79}.Release|Any CPU.ActiveCfg = Release|Any CPU
		{1BCCFD97-B9BC-46F8-80E0-437DEB4E7C79}.Release|Any CPU.Build.0 = Release|Any CPU
		{DA05A038-FD35-43D5-BD1A-028981CEB6BB}.Debug|Any CPU.ActiveCfg = Debug|Any CPU
		{DA05A038-FD35-43D5-BD1A-028981CEB6BB}.Debug|Any CPU.Build.0 = Debug|Any CPU
		{DA05A038-FD35-43D5-BD1A-028981CEB6BB}.Release|Any CPU.ActiveCfg = Release|Any CPU
		{DA05A038-FD35-43D5-BD1A-028981CEB6BB}.Release|Any CPU.Build.0 = Release|Any CPU
		{EC9BE402-EF86-4FBD-84D1-BA6B7A798AF6}.Debug|Any CPU.ActiveCfg = Debug|Any CPU
		{EC9BE402-EF86-4FBD-84D1-BA6B7A798AF6}.Debug|Any CPU.Build.0 = Debug|Any CPU
		{EC9BE402-EF86-4FBD-84D1-BA6B7A798AF6}.Release|Any CPU.ActiveCfg = Release|Any CPU
		{EC9BE402-EF86-4FBD-84D1-BA6B7A798AF6}.Release|Any CPU.Build.0 = Release|Any CPU
		{9772BB2C-6E80-4100-B533-EE1404F97E14}.Debug|Any CPU.ActiveCfg = Debug|Any CPU
		{9772BB2C-6E80-4100-B533-EE1404F97E14}.Debug|Any CPU.Build.0 = Debug|Any CPU
		{9772BB2C-6E80-4100-B533-EE1404F97E14}.Release|Any CPU.ActiveCfg = Release|Any CPU
		{9772BB2C-6E80-4100-B533-EE1404F97E14}.Release|Any CPU.Build.0 = Release|Any CPU
		{53DDEA3F-268D-4EDC-9A59-4B5A964495F3}.Debug|Any CPU.ActiveCfg = Debug|Any CPU
		{53DDEA3F-268D-4EDC-9A59-4B5A964495F3}.Debug|Any CPU.Build.0 = Debug|Any CPU
		{53DDEA3F-268D-4EDC-9A59-4B5A964495F3}.Release|Any CPU.ActiveCfg = Release|Any CPU
		{53DDEA3F-268D-4EDC-9A59-4B5A964495F3}.Release|Any CPU.Build.0 = Release|Any CPU
		{F68F2BFC-0435-473C-BD38-D6E3CE2898D3}.Debug|Any CPU.ActiveCfg = Debug|Any CPU
		{F68F2BFC-0435-473C-BD38-D6E3CE2898D3}.Debug|Any CPU.Build.0 = Debug|Any CPU
		{F68F2BFC-0435-473C-BD38-D6E3CE2898D3}.Release|Any CPU.ActiveCfg = Release|Any CPU
		{F68F2BFC-0435-473C-BD38-D6E3CE2898D3}.Release|Any CPU.Build.0 = Release|Any CPU
		{E3E8282D-1936-46FC-BB05-0AF72756EFA8}.Debug|Any CPU.ActiveCfg = Debug|Any CPU
		{E3E8282D-1936-46FC-BB05-0AF72756EFA8}.Debug|Any CPU.Build.0 = Debug|Any CPU
		{E3E8282D-1936-46FC-BB05-0AF72756EFA8}.Release|Any CPU.ActiveCfg = Release|Any CPU
		{E3E8282D-1936-46FC-BB05-0AF72756EFA8}.Release|Any CPU.Build.0 = Release|Any CPU
		{B080713F-161F-4E16-B96E-B22FECC99005}.Debug|Any CPU.ActiveCfg = Debug|Any CPU
		{B080713F-161F-4E16-B96E-B22FECC99005}.Debug|Any CPU.Build.0 = Debug|Any CPU
		{B080713F-161F-4E16-B96E-B22FECC99005}.Release|Any CPU.ActiveCfg = Release|Any CPU
		{B080713F-161F-4E16-B96E-B22FECC99005}.Release|Any CPU.Build.0 = Release|Any CPU
		{5171046E-8A9B-45DE-AE90-472F770816AE}.Debug|Any CPU.ActiveCfg = Debug|Any CPU
		{5171046E-8A9B-45DE-AE90-472F770816AE}.Debug|Any CPU.Build.0 = Debug|Any CPU
		{5171046E-8A9B-45DE-AE90-472F770816AE}.Release|Any CPU.ActiveCfg = Release|Any CPU
		{5171046E-8A9B-45DE-AE90-472F770816AE}.Release|Any CPU.Build.0 = Release|Any CPU
		{21E8B907-BCE7-49C1-B3FF-0FFEDCE7C7F3}.Debug|Any CPU.ActiveCfg = Debug|Any CPU
		{21E8B907-BCE7-49C1-B3FF-0FFEDCE7C7F3}.Debug|Any CPU.Build.0 = Debug|Any CPU
		{21E8B907-BCE7-49C1-B3FF-0FFEDCE7C7F3}.Release|Any CPU.ActiveCfg = Release|Any CPU
		{21E8B907-BCE7-49C1-B3FF-0FFEDCE7C7F3}.Release|Any CPU.Build.0 = Release|Any CPU
		{E6A3FBDC-7D56-4399-A10C-9DF2FEB9D9F8}.Debug|Any CPU.ActiveCfg = Debug|Any CPU
		{E6A3FBDC-7D56-4399-A10C-9DF2FEB9D9F8}.Debug|Any CPU.Build.0 = Debug|Any CPU
		{E6A3FBDC-7D56-4399-A10C-9DF2FEB9D9F8}.Release|Any CPU.ActiveCfg = Release|Any CPU
		{E6A3FBDC-7D56-4399-A10C-9DF2FEB9D9F8}.Release|Any CPU.Build.0 = Release|Any CPU
		{E8C96882-9071-49C9-A080-99BD8D4503E8}.Debug|Any CPU.ActiveCfg = Debug|Any CPU
		{E8C96882-9071-49C9-A080-99BD8D4503E8}.Debug|Any CPU.Build.0 = Debug|Any CPU
		{E8C96882-9071-49C9-A080-99BD8D4503E8}.Release|Any CPU.ActiveCfg = Release|Any CPU
		{E8C96882-9071-49C9-A080-99BD8D4503E8}.Release|Any CPU.Build.0 = Release|Any CPU
		{B7CB6480-11B9-44AD-8AFD-A18E5FEBB96A}.Debug|Any CPU.ActiveCfg = Debug|Any CPU
		{B7CB6480-11B9-44AD-8AFD-A18E5FEBB96A}.Debug|Any CPU.Build.0 = Debug|Any CPU
		{B7CB6480-11B9-44AD-8AFD-A18E5FEBB96A}.Release|Any CPU.ActiveCfg = Release|Any CPU
		{B7CB6480-11B9-44AD-8AFD-A18E5FEBB96A}.Release|Any CPU.Build.0 = Release|Any CPU
		{0479A767-3B45-428B-8D1E-3791515A323E}.Debug|Any CPU.ActiveCfg = Debug|Any CPU
		{0479A767-3B45-428B-8D1E-3791515A323E}.Debug|Any CPU.Build.0 = Debug|Any CPU
		{0479A767-3B45-428B-8D1E-3791515A323E}.Release|Any CPU.ActiveCfg = Release|Any CPU
		{0479A767-3B45-428B-8D1E-3791515A323E}.Release|Any CPU.Build.0 = Release|Any CPU
		{68E58F50-8F43-42FD-B1B9-41CCAFEA9DBF}.Debug|Any CPU.ActiveCfg = Debug|Any CPU
		{68E58F50-8F43-42FD-B1B9-41CCAFEA9DBF}.Debug|Any CPU.Build.0 = Debug|Any CPU
		{68E58F50-8F43-42FD-B1B9-41CCAFEA9DBF}.Release|Any CPU.ActiveCfg = Release|Any CPU
		{68E58F50-8F43-42FD-B1B9-41CCAFEA9DBF}.Release|Any CPU.Build.0 = Release|Any CPU
		{9604E0D6-0A2C-460C-A532-F617D2FA2EC9}.Debug|Any CPU.ActiveCfg = Debug|Any CPU
		{9604E0D6-0A2C-460C-A532-F617D2FA2EC9}.Debug|Any CPU.Build.0 = Debug|Any CPU
		{9604E0D6-0A2C-460C-A532-F617D2FA2EC9}.Release|Any CPU.ActiveCfg = Release|Any CPU
		{9604E0D6-0A2C-460C-A532-F617D2FA2EC9}.Release|Any CPU.Build.0 = Release|Any CPU
		{2ECED5D4-ACF4-44AB-A3AE-E53F5D5012C5}.Debug|Any CPU.ActiveCfg = Debug|Any CPU
		{2ECED5D4-ACF4-44AB-A3AE-E53F5D5012C5}.Debug|Any CPU.Build.0 = Debug|Any CPU
		{2ECED5D4-ACF4-44AB-A3AE-E53F5D5012C5}.Release|Any CPU.ActiveCfg = Release|Any CPU
		{2ECED5D4-ACF4-44AB-A3AE-E53F5D5012C5}.Release|Any CPU.Build.0 = Release|Any CPU
		{BFC5A52B-880E-41C6-A0B0-B2B09905FE63}.Debug|Any CPU.ActiveCfg = Debug|Any CPU
		{BFC5A52B-880E-41C6-A0B0-B2B09905FE63}.Debug|Any CPU.Build.0 = Debug|Any CPU
		{BFC5A52B-880E-41C6-A0B0-B2B09905FE63}.Release|Any CPU.ActiveCfg = Release|Any CPU
		{BFC5A52B-880E-41C6-A0B0-B2B09905FE63}.Release|Any CPU.Build.0 = Release|Any CPU
		{0F59D641-0CE1-48E3-84F3-EC9944A92827}.Debug|Any CPU.ActiveCfg = Debug|Any CPU
		{0F59D641-0CE1-48E3-84F3-EC9944A92827}.Debug|Any CPU.Build.0 = Debug|Any CPU
		{0F59D641-0CE1-48E3-84F3-EC9944A92827}.Release|Any CPU.ActiveCfg = Release|Any CPU
		{0F59D641-0CE1-48E3-84F3-EC9944A92827}.Release|Any CPU.Build.0 = Release|Any CPU
		{A49674AF-5E97-46A9-84AA-6EDDB1BB4950}.Debug|Any CPU.ActiveCfg = Debug|Any CPU
		{A49674AF-5E97-46A9-84AA-6EDDB1BB4950}.Debug|Any CPU.Build.0 = Debug|Any CPU
		{A49674AF-5E97-46A9-84AA-6EDDB1BB4950}.Release|Any CPU.ActiveCfg = Release|Any CPU
		{A49674AF-5E97-46A9-84AA-6EDDB1BB4950}.Release|Any CPU.Build.0 = Release|Any CPU
		{DA89608F-5044-427E-9A10-98DBC5C78B16}.Debug|Any CPU.ActiveCfg = Debug|Any CPU
		{DA89608F-5044-427E-9A10-98DBC5C78B16}.Debug|Any CPU.Build.0 = Debug|Any CPU
		{DA89608F-5044-427E-9A10-98DBC5C78B16}.Release|Any CPU.ActiveCfg = Release|Any CPU
		{DA89608F-5044-427E-9A10-98DBC5C78B16}.Release|Any CPU.Build.0 = Release|Any CPU
		{54023DD1-80D2-4177-8954-69CF2BD8C338}.Debug|Any CPU.ActiveCfg = Debug|Any CPU
		{54023DD1-80D2-4177-8954-69CF2BD8C338}.Debug|Any CPU.Build.0 = Debug|Any CPU
		{54023DD1-80D2-4177-8954-69CF2BD8C338}.Release|Any CPU.ActiveCfg = Release|Any CPU
		{54023DD1-80D2-4177-8954-69CF2BD8C338}.Release|Any CPU.Build.0 = Release|Any CPU
		{D016BCDF-A734-41FA-852A-9A508A827B7C}.Debug|Any CPU.ActiveCfg = Debug|Any CPU
		{D016BCDF-A734-41FA-852A-9A508A827B7C}.Debug|Any CPU.Build.0 = Debug|Any CPU
		{D016BCDF-A734-41FA-852A-9A508A827B7C}.Release|Any CPU.ActiveCfg = Release|Any CPU
		{D016BCDF-A734-41FA-852A-9A508A827B7C}.Release|Any CPU.Build.0 = Release|Any CPU
		{DD17B4B8-66DE-4E81-95B1-D361533CB7D1}.Debug|Any CPU.ActiveCfg = Debug|Any CPU
		{DD17B4B8-66DE-4E81-95B1-D361533CB7D1}.Debug|Any CPU.Build.0 = Debug|Any CPU
		{DD17B4B8-66DE-4E81-95B1-D361533CB7D1}.Release|Any CPU.ActiveCfg = Release|Any CPU
		{DD17B4B8-66DE-4E81-95B1-D361533CB7D1}.Release|Any CPU.Build.0 = Release|Any CPU
	EndGlobalSection
	GlobalSection(SolutionProperties) = preSolution
		HideSolutionNode = FALSE
	EndGlobalSection
	GlobalSection(NestedProjects) = preSolution
		{1BCCFD97-B9BC-46F8-80E0-437DEB4E7C79} = {02EA681E-C7D8-13C7-8484-4AC65E1B71E8}
		{DA05A038-FD35-43D5-BD1A-028981CEB6BB} = {02EA681E-C7D8-13C7-8484-4AC65E1B71E8}
		{EC9BE402-EF86-4FBD-84D1-BA6B7A798AF6} = {02EA681E-C7D8-13C7-8484-4AC65E1B71E8}
		{9772BB2C-6E80-4100-B533-EE1404F97E14} = {EF3EE52D-A42D-4823-9744-1E79BC86890D}
		{53DDEA3F-268D-4EDC-9A59-4B5A964495F3} = {EF3EE52D-A42D-4823-9744-1E79BC86890D}
		{F68F2BFC-0435-473C-BD38-D6E3CE2898D3} = {EF3EE52D-A42D-4823-9744-1E79BC86890D}
		{E3E8282D-1936-46FC-BB05-0AF72756EFA8} = {79376F62-EC43-4F57-B4E5-947F33218E49}
		{B080713F-161F-4E16-B96E-B22FECC99005} = {79376F62-EC43-4F57-B4E5-947F33218E49}
		{5171046E-8A9B-45DE-AE90-472F770816AE} = {79376F62-EC43-4F57-B4E5-947F33218E49}
		{21E8B907-BCE7-49C1-B3FF-0FFEDCE7C7F3} = {C2675E0E-7900-4175-A64E-456C7C032AC0}
		{E6A3FBDC-7D56-4399-A10C-9DF2FEB9D9F8} = {C2675E0E-7900-4175-A64E-456C7C032AC0}
		{E8C96882-9071-49C9-A080-99BD8D4503E8} = {C2675E0E-7900-4175-A64E-456C7C032AC0}
		{B7CB6480-11B9-44AD-8AFD-A18E5FEBB96A} = {FAD49045-9E50-4CC4-8568-80A259B43ACB}
		{0479A767-3B45-428B-8D1E-3791515A323E} = {FAD49045-9E50-4CC4-8568-80A259B43ACB}
		{68E58F50-8F43-42FD-B1B9-41CCAFEA9DBF} = {FAD49045-9E50-4CC4-8568-80A259B43ACB}
		{9604E0D6-0A2C-460C-A532-F617D2FA2EC9} = {565A3685-D380-4BFB-884E-A6B0C5B2DBF9}
		{2ECED5D4-ACF4-44AB-A3AE-E53F5D5012C5} = {565A3685-D380-4BFB-884E-A6B0C5B2DBF9}
		{BFC5A52B-880E-41C6-A0B0-B2B09905FE63} = {565A3685-D380-4BFB-884E-A6B0C5B2DBF9}
		{0F59D641-0CE1-48E3-84F3-EC9944A92827} = {76C755D0-0553-4D30-A18E-E01AE66338A5}
		{A49674AF-5E97-46A9-84AA-6EDDB1BB4950} = {76C755D0-0553-4D30-A18E-E01AE66338A5}
		{DA89608F-5044-427E-9A10-98DBC5C78B16} = {76C755D0-0553-4D30-A18E-E01AE66338A5}
		{54023DD1-80D2-4177-8954-69CF2BD8C338} = {BB413A78-144F-46AB-8E2B-6FB8545EE99A}
		{D016BCDF-A734-41FA-852A-9A508A827B7C} = {BB413A78-144F-46AB-8E2B-6FB8545EE99A}
		{DD17B4B8-66DE-4E81-95B1-D361533CB7D1} = {BB413A78-144F-46AB-8E2B-6FB8545EE99A}
	EndGlobalSection
	GlobalSection(ExtensibilityGlobals) = postSolution
		SolutionGuid = {BEA59EB7-AF4C-4626-8CEA-50F76F1CB7B5}
	EndGlobalSection
EndGlobal
